
Microsoft Visual Studio Solution File, Format Version 12.00
# Visual Studio Version 17
VisualStudioVersion = 17.0.31717.71
MinimumVisualStudioVersion = 10.0.40219.1
Project("{FAE04EC0-301F-11D3-BF4B-00C04F79EFBC}") = "Inventory Management", "Inventory Management\Inventory Management.csproj", "{EA116880-FE68-4D6E-AD84-7CD69E4E02B5}"
EndProject
Project("{FAE04EC0-301F-11D3-BF4B-00C04F79EFBC}") = "Inventory Management.Test", "Inventory Management.Test\Inventory Management.Test.csproj", "{A8D6F222-7770-46D7-8AB0-67EC9B6CADBC}"
EndProject
Project("{FAE04EC0-301F-11D3-BF4B-00C04F79EFBC}") = "Inventory Management.Database", "Inventory Management.Database\Inventory Management.Database.csproj", "{04155AEA-C509-4923-9380-B8EAA9D27ED3}"
EndProject
Global
	GlobalSection(SolutionConfigurationPlatforms) = preSolution
		Debug|Any CPU = Debug|Any CPU
		Release|Any CPU = Release|Any CPU
	EndGlobalSection
	GlobalSection(ProjectConfigurationPlatforms) = postSolution
		{EA116880-FE68-4D6E-AD84-7CD69E4E02B5}.Debug|Any CPU.ActiveCfg = Debug|Any CPU
		{EA116880-FE68-4D6E-AD84-7CD69E4E02B5}.Debug|Any CPU.Build.0 = Debug|Any CPU
		{EA116880-FE68-4D6E-AD84-7CD69E4E02B5}.Release|Any CPU.ActiveCfg = Release|Any CPU
		{EA116880-FE68-4D6E-AD84-7CD69E4E02B5}.Release|Any CPU.Build.0 = Release|Any CPU
		{A8D6F222-7770-46D7-8AB0-67EC9B6CADBC}.Debug|Any CPU.ActiveCfg = Debug|Any CPU
		{A8D6F222-7770-46D7-8AB0-67EC9B6CADBC}.Debug|Any CPU.Build.0 = Debug|Any CPU
		{A8D6F222-7770-46D7-8AB0-67EC9B6CADBC}.Release|Any CPU.ActiveCfg = Release|Any CPU
		{A8D6F222-7770-46D7-8AB0-67EC9B6CADBC}.Release|Any CPU.Build.0 = Release|Any CPU
		{04155AEA-C509-4923-9380-B8EAA9D27ED3}.Debug|Any CPU.ActiveCfg = Debug|Any CPU
		{04155AEA-C509-4923-9380-B8EAA9D27ED3}.Debug|Any CPU.Build.0 = Debug|Any CPU
		{04155AEA-C509-4923-9380-B8EAA9D27ED3}.Release|Any CPU.ActiveCfg = Release|Any CPU
		{04155AEA-C509-4923-9380-B8EAA9D27ED3}.Release|Any CPU.Build.0 = Release|Any CPU
	EndGlobalSection
	GlobalSection(SolutionProperties) = preSolution
		HideSolutionNode = FALSE
	EndGlobalSection
	GlobalSection(ExtensibilityGlobals) = postSolution
		SolutionGuid = {FF902639-D448-4500-9877-74B3515275D0}
	EndGlobalSection
EndGlobal
